
Microsoft Visual Studio Solution File, Format Version 12.00
# Visual Studio Version 17
VisualStudioVersion = 17.4.33213.308
MinimumVisualStudioVersion = 10.0.40219.1
Project("{9A19103F-16F7-4668-BE54-9A1E7A4F7556}") = "DM_Lab_2", "DM_Lab1\DM_Lab_2.csproj", "{E452C0E8-595D-4415-81B4-98362C647DAA}"
EndProject
Project("{FAE04EC0-301F-11D3-BF4B-00C04F79EFBC}") = "DM_lab_3", "DM_lab_3\DM_lab_3.csproj", "{89963E38-8A0E-430F-BFDB-58FA07A83CE8}"
EndProject
Global
	GlobalSection(SolutionConfigurationPlatforms) = preSolution
		Debug|Any CPU = Debug|Any CPU
		Release|Any CPU = Release|Any CPU
	EndGlobalSection
	GlobalSection(ProjectConfigurationPlatforms) = postSolution
		{E452C0E8-595D-4415-81B4-98362C647DAA}.Debug|Any CPU.ActiveCfg = Debug|Any CPU
		{E452C0E8-595D-4415-81B4-98362C647DAA}.Debug|Any CPU.Build.0 = Debug|Any CPU
		{E452C0E8-595D-4415-81B4-98362C647DAA}.Release|Any CPU.ActiveCfg = Release|Any CPU
		{E452C0E8-595D-4415-81B4-98362C647DAA}.Release|Any CPU.Build.0 = Release|Any CPU
		{89963E38-8A0E-430F-BFDB-58FA07A83CE8}.Debug|Any CPU.ActiveCfg = Debug|Any CPU
		{89963E38-8A0E-430F-BFDB-58FA07A83CE8}.Debug|Any CPU.Build.0 = Debug|Any CPU
		{89963E38-8A0E-430F-BFDB-58FA07A83CE8}.Release|Any CPU.ActiveCfg = Release|Any CPU
		{89963E38-8A0E-430F-BFDB-58FA07A83CE8}.Release|Any CPU.Build.0 = Release|Any CPU
	EndGlobalSection
	GlobalSection(SolutionProperties) = preSolution
		HideSolutionNode = FALSE
	EndGlobalSection
	GlobalSection(ExtensibilityGlobals) = postSolution
		SolutionGuid = {A848C88A-8AD5-49C2-A02B-96A20866EAC2}
	EndGlobalSection
EndGlobal
